
Microsoft Visual Studio Solution File, Format Version 12.00
# Visual Studio Version 16
VisualStudioVersion = 16.0.29306.81
MinimumVisualStudioVersion = 10.0.40219.1
Project("{FAE04EC0-301F-11D3-BF4B-00C04F79EFBC}") = "CutyOthello.UWP", "CutyOthello\CutyOthello.UWP\CutyOthello.UWP.csproj", "{AFBA2CF9-8A37-4940-A6A2-34DF2F6830AD}"
EndProject
Project("{FAE04EC0-301F-11D3-BF4B-00C04F79EFBC}") = "CutyOthello.Android", "CutyOthello\CutyOthello.Android\CutyOthello.Android.csproj", "{B76D6C6B-A653-4ACE-B391-E75162AFA728}"
EndProject
Project("{FAE04EC0-301F-11D3-BF4B-00C04F79EFBC}") = "CutyOthello.iOS", "CutyOthello\CutyOthello.iOS\CutyOthello.iOS.csproj", "{65782D88-79F4-44CB-B0BD-EF8571B1E0F4}"
EndProject
Project("{FAE04EC0-301F-11D3-BF4B-00C04F79EFBC}") = "CutyOthello", "CutyOthello\CutyOthello\CutyOthello.csproj", "{D8C9B8FD-822A-41B8-BE94-FE52DED4EAE9}"
EndProject
Global
	GlobalSection(SolutionConfigurationPlatforms) = preSolution
		Debug|Any CPU = Debug|Any CPU
		Debug|ARM = Debug|ARM
		Debug|iPhone = Debug|iPhone
		Debug|iPhoneSimulator = Debug|iPhoneSimulator
		Debug|x64 = Debug|x64
		Debug|x86 = Debug|x86
		Release|Any CPU = Release|Any CPU
		Release|ARM = Release|ARM
		Release|iPhone = Release|iPhone
		Release|iPhoneSimulator = Release|iPhoneSimulator
		Release|x64 = Release|x64
		Release|x86 = Release|x86
	EndGlobalSection
	GlobalSection(ProjectConfigurationPlatforms) = postSolution
		{AFBA2CF9-8A37-4940-A6A2-34DF2F6830AD}.Debug|Any CPU.ActiveCfg = Debug|x86
		{AFBA2CF9-8A37-4940-A6A2-34DF2F6830AD}.Debug|Any CPU.Build.0 = Debug|x86
		{AFBA2CF9-8A37-4940-A6A2-34DF2F6830AD}.Debug|Any CPU.Deploy.0 = Debug|x86
		{AFBA2CF9-8A37-4940-A6A2-34DF2F6830AD}.Debug|ARM.ActiveCfg = Debug|ARM
		{AFBA2CF9-8A37-4940-A6A2-34DF2F6830AD}.Debug|ARM.Build.0 = Debug|ARM
		{AFBA2CF9-8A37-4940-A6A2-34DF2F6830AD}.Debug|ARM.Deploy.0 = Debug|ARM
		{AFBA2CF9-8A37-4940-A6A2-34DF2F6830AD}.Debug|iPhone.ActiveCfg = Debug|x86
		{AFBA2CF9-8A37-4940-A6A2-34DF2F6830AD}.Debug|iPhone.Build.0 = Debug|x86
		{AFBA2CF9-8A37-4940-A6A2-34DF2F6830AD}.Debug|iPhone.Deploy.0 = Debug|x86
		{AFBA2CF9-8A37-4940-A6A2-34DF2F6830AD}.Debug|iPhoneSimulator.ActiveCfg = Debug|x86
		{AFBA2CF9-8A37-4940-A6A2-34DF2F6830AD}.Debug|iPhoneSimulator.Build.0 = Debug|x86
		{AFBA2CF9-8A37-4940-A6A2-34DF2F6830AD}.Debug|iPhoneSimulator.Deploy.0 = Debug|x86
		{AFBA2CF9-8A37-4940-A6A2-34DF2F6830AD}.Debug|x64.ActiveCfg = Debug|x64
		{AFBA2CF9-8A37-4940-A6A2-34DF2F6830AD}.Debug|x64.Build.0 = Debug|x64
		{AFBA2CF9-8A37-4940-A6A2-34DF2F6830AD}.Debug|x64.Deploy.0 = Debug|x64
		{AFBA2CF9-8A37-4940-A6A2-34DF2F6830AD}.Debug|x86.ActiveCfg = Debug|x86
		{AFBA2CF9-8A37-4940-A6A2-34DF2F6830AD}.Debug|x86.Build.0 = Debug|x86
		{AFBA2CF9-8A37-4940-A6A2-34DF2F6830AD}.Debug|x86.Deploy.0 = Debug|x86
		{AFBA2CF9-8A37-4940-A6A2-34DF2F6830AD}.Release|Any CPU.ActiveCfg = Release|x86
		{AFBA2CF9-8A37-4940-A6A2-34DF2F6830AD}.Release|Any CPU.Build.0 = Release|x86
		{AFBA2CF9-8A37-4940-A6A2-34DF2F6830AD}.Release|Any CPU.Deploy.0 = Release|x86
		{AFBA2CF9-8A37-4940-A6A2-34DF2F6830AD}.Release|ARM.ActiveCfg = Release|ARM
		{AFBA2CF9-8A37-4940-A6A2-34DF2F6830AD}.Release|ARM.Build.0 = Release|ARM
		{AFBA2CF9-8A37-4940-A6A2-34DF2F6830AD}.Release|ARM.Deploy.0 = Release|ARM
		{AFBA2CF9-8A37-4940-A6A2-34DF2F6830AD}.Release|iPhone.ActiveCfg = Release|x86
		{AFBA2CF9-8A37-4940-A6A2-34DF2F6830AD}.Release|iPhone.Build.0 = Release|x86
		{AFBA2CF9-8A37-4940-A6A2-34DF2F6830AD}.Release|iPhone.Deploy.0 = Release|x86
		{AFBA2CF9-8A37-4940-A6A2-34DF2F6830AD}.Release|iPhoneSimulator.ActiveCfg = Release|x86
		{AFBA2CF9-8A37-4940-A6A2-34DF2F6830AD}.Release|iPhoneSimulator.Build.0 = Release|x86
		{AFBA2CF9-8A37-4940-A6A2-34DF2F6830AD}.Release|iPhoneSimulator.Deploy.0 = Release|x86
		{AFBA2CF9-8A37-4940-A6A2-34DF2F6830AD}.Release|x64.ActiveCfg = Release|x64
		{AFBA2CF9-8A37-4940-A6A2-34DF2F6830AD}.Release|x64.Build.0 = Release|x64
		{AFBA2CF9-8A37-4940-A6A2-34DF2F6830AD}.Release|x64.Deploy.0 = Release|x64
		{AFBA2CF9-8A37-4940-A6A2-34DF2F6830AD}.Release|x86.ActiveCfg = Release|x86
		{AFBA2CF9-8A37-4940-A6A2-34DF2F6830AD}.Release|x86.Build.0 = Release|x86
		{AFBA2CF9-8A37-4940-A6A2-34DF2F6830AD}.Release|x86.Deploy.0 = Release|x86
		{B76D6C6B-A653-4ACE-B391-E75162AFA728}.Debug|Any CPU.ActiveCfg = Debug|Any CPU
		{B76D6C6B-A653-4ACE-B391-E75162AFA728}.Debug|Any CPU.Build.0 = Debug|Any CPU
		{B76D6C6B-A653-4ACE-B391-E75162AFA728}.Debug|Any CPU.Deploy.0 = Debug|Any CPU
		{B76D6C6B-A653-4ACE-B391-E75162AFA728}.Debug|ARM.ActiveCfg = Debug|Any CPU
		{B76D6C6B-A653-4ACE-B391-E75162AFA728}.Debug|ARM.Build.0 = Debug|Any CPU
		{B76D6C6B-A653-4ACE-B391-E75162AFA728}.Debug|ARM.Deploy.0 = Debug|Any CPU
		{B76D6C6B-A653-4ACE-B391-E75162AFA728}.Debug|iPhone.ActiveCfg = Debug|Any CPU
		{B76D6C6B-A653-4ACE-B391-E75162AFA728}.Debug|iPhone.Build.0 = Debug|Any CPU
		{B76D6C6B-A653-4ACE-B391-E75162AFA728}.Debug|iPhone.Deploy.0 = Debug|Any CPU
		{B76D6C6B-A653-4ACE-B391-E75162AFA728}.Debug|iPhoneSimulator.ActiveCfg = Debug|Any CPU
		{B76D6C6B-A653-4ACE-B391-E75162AFA728}.Debug|iPhoneSimulator.Build.0 = Debug|Any CPU
		{B76D6C6B-A653-4ACE-B391-E75162AFA728}.Debug|iPhoneSimulator.Deploy.0 = Debug|Any CPU
		{B76D6C6B-A653-4ACE-B391-E75162AFA728}.Debug|x64.ActiveCfg = Debug|Any CPU
		{B76D6C6B-A653-4ACE-B391-E75162AFA728}.Debug|x64.Build.0 = Debug|Any CPU
		{B76D6C6B-A653-4ACE-B391-E75162AFA728}.Debug|x64.Deploy.0 = Debug|Any CPU
		{B76D6C6B-A653-4ACE-B391-E75162AFA728}.Debug|x86.ActiveCfg = Debug|Any CPU
		{B76D6C6B-A653-4ACE-B391-E75162AFA728}.Debug|x86.Build.0 = Debug|Any CPU
		{B76D6C6B-A653-4ACE-B391-E75162AFA728}.Debug|x86.Deploy.0 = Debug|Any CPU
		{B76D6C6B-A653-4ACE-B391-E75162AFA728}.Release|Any CPU.ActiveCfg = Release|Any CPU
		{B76D6C6B-A653-4ACE-B391-E75162AFA728}.Release|Any CPU.Build.0 = Release|Any CPU
		{B76D6C6B-A653-4ACE-B391-E75162AFA728}.Release|Any CPU.Deploy.0 = Release|Any CPU
		{B76D6C6B-A653-4ACE-B391-E75162AFA728}.Release|ARM.ActiveCfg = Release|Any CPU
		{B76D6C6B-A653-4ACE-B391-E75162AFA728}.Release|ARM.Build.0 = Release|Any CPU
		{B76D6C6B-A653-4ACE-B391-E75162AFA728}.Release|ARM.Deploy.0 = Release|Any CPU
		{B76D6C6B-A653-4ACE-B391-E75162AFA728}.Release|iPhone.ActiveCfg = Release|Any CPU
		{B76D6C6B-A653-4ACE-B391-E75162AFA728}.Release|iPhone.Build.0 = Release|Any CPU
		{B76D6C6B-A653-4ACE-B391-E75162AFA728}.Release|iPhone.Deploy.0 = Release|Any CPU
		{B76D6C6B-A653-4ACE-B391-E75162AFA728}.Release|iPhoneSimulator.ActiveCfg = Release|Any CPU
		{B76D6C6B-A653-4ACE-B391-E75162AFA728}.Release|iPhoneSimulator.Build.0 = Release|Any CPU
		{B76D6C6B-A653-4ACE-B391-E75162AFA728}.Release|iPhoneSimulator.Deploy.0 = Release|Any CPU
		{B76D6C6B-A653-4ACE-B391-E75162AFA728}.Release|x64.ActiveCfg = Release|Any CPU
		{B76D6C6B-A653-4ACE-B391-E75162AFA728}.Release|x64.Build.0 = Release|Any CPU
		{B76D6C6B-A653-4ACE-B391-E75162AFA728}.Release|x64.Deploy.0 = Release|Any CPU
		{B76D6C6B-A653-4ACE-B391-E75162AFA728}.Release|x86.ActiveCfg = Release|Any CPU
		{B76D6C6B-A653-4ACE-B391-E75162AFA728}.Release|x86.Build.0 = Release|Any CPU
		{B76D6C6B-A653-4ACE-B391-E75162AFA728}.Release|x86.Deploy.0 = Release|Any CPU
		{65782D88-79F4-44CB-B0BD-EF8571B1E0F4}.Debug|Any CPU.ActiveCfg = Debug|iPhone
		{65782D88-79F4-44CB-B0BD-EF8571B1E0F4}.Debug|Any CPU.Build.0 = Debug|iPhone
		{65782D88-79F4-44CB-B0BD-EF8571B1E0F4}.Debug|Any CPU.Deploy.0 = Debug|iPhone
		{65782D88-79F4-44CB-B0BD-EF8571B1E0F4}.Debug|ARM.ActiveCfg = Debug|iPhoneSimulator
		{65782D88-79F4-44CB-B0BD-EF8571B1E0F4}.Debug|ARM.Build.0 = Debug|iPhoneSimulator
		{65782D88-79F4-44CB-B0BD-EF8571B1E0F4}.Debug|ARM.Deploy.0 = Debug|iPhoneSimulator
		{65782D88-79F4-44CB-B0BD-EF8571B1E0F4}.Debug|iPhone.ActiveCfg = Debug|iPhone
		{65782D88-79F4-44CB-B0BD-EF8571B1E0F4}.Debug|iPhone.Build.0 = Debug|iPhone
		{65782D88-79F4-44CB-B0BD-EF8571B1E0F4}.Debug|iPhone.Deploy.0 = Debug|iPhone
		{65782D88-79F4-44CB-B0BD-EF8571B1E0F4}.Debug|iPhoneSimulator.ActiveCfg = Debug|iPhoneSimulator
		{65782D88-79F4-44CB-B0BD-EF8571B1E0F4}.Debug|iPhoneSimulator.Build.0 = Debug|iPhoneSimulator
		{65782D88-79F4-44CB-B0BD-EF8571B1E0F4}.Debug|iPhoneSimulator.Deploy.0 = Debug|iPhoneSimulator
		{65782D88-79F4-44CB-B0BD-EF8571B1E0F4}.Debug|x64.ActiveCfg = Debug|iPhone
		{65782D88-79F4-44CB-B0BD-EF8571B1E0F4}.Debug|x64.Build.0 = Debug|iPhone
		{65782D88-79F4-44CB-B0BD-EF8571B1E0F4}.Debug|x64.Deploy.0 = Debug|iPhone
		{65782D88-79F4-44CB-B0BD-EF8571B1E0F4}.Debug|x86.ActiveCfg = Debug|iPhone
		{65782D88-79F4-44CB-B0BD-EF8571B1E0F4}.Debug|x86.Build.0 = Debug|iPhone
		{65782D88-79F4-44CB-B0BD-EF8571B1E0F4}.Debug|x86.Deploy.0 = Debug|iPhone
		{65782D88-79F4-44CB-B0BD-EF8571B1E0F4}.Release|Any CPU.ActiveCfg = Release|iPhone
		{65782D88-79F4-44CB-B0BD-EF8571B1E0F4}.Release|Any CPU.Build.0 = Release|iPhone
		{65782D88-79F4-44CB-B0BD-EF8571B1E0F4}.Release|Any CPU.Deploy.0 = Release|iPhone
		{65782D88-79F4-44CB-B0BD-EF8571B1E0F4}.Release|ARM.ActiveCfg = Release|iPhone
		{65782D88-79F4-44CB-B0BD-EF8571B1E0F4}.Release|ARM.Build.0 = Release|iPhone
		{65782D88-79F4-44CB-B0BD-EF8571B1E0F4}.Release|ARM.Deploy.0 = Release|iPhone
		{65782D88-79F4-44CB-B0BD-EF8571B1E0F4}.Release|iPhone.ActiveCfg = Release|iPhone
		{65782D88-79F4-44CB-B0BD-EF8571B1E0F4}.Release|iPhone.Build.0 = Release|iPhone
		{65782D88-79F4-44CB-B0BD-EF8571B1E0F4}.Release|iPhone.Deploy.0 = Release|iPhone
		{65782D88-79F4-44CB-B0BD-EF8571B1E0F4}.Release|iPhoneSimulator.ActiveCfg = Release|iPhoneSimulator
		{65782D88-79F4-44CB-B0BD-EF8571B1E0F4}.Release|iPhoneSimulator.Build.0 = Release|iPhoneSimulator
		{65782D88-79F4-44CB-B0BD-EF8571B1E0F4}.Release|iPhoneSimulator.Deploy.0 = Release|iPhoneSimulator
		{65782D88-79F4-44CB-B0BD-EF8571B1E0F4}.Release|x64.ActiveCfg = Release|iPhone
		{65782D88-79F4-44CB-B0BD-EF8571B1E0F4}.Release|x64.Build.0 = Release|iPhone
		{65782D88-79F4-44CB-B0BD-EF8571B1E0F4}.Release|x64.Deploy.0 = Release|iPhone
		{65782D88-79F4-44CB-B0BD-EF8571B1E0F4}.Release|x86.ActiveCfg = Release|iPhone
		{65782D88-79F4-44CB-B0BD-EF8571B1E0F4}.Release|x86.Build.0 = Release|iPhone
		{65782D88-79F4-44CB-B0BD-EF8571B1E0F4}.Release|x86.Deploy.0 = Release|iPhone
		{D8C9B8FD-822A-41B8-BE94-FE52DED4EAE9}.Debug|Any CPU.ActiveCfg = Debug|Any CPU
		{D8C9B8FD-822A-41B8-BE94-FE52DED4EAE9}.Debug|Any CPU.Build.0 = Debug|Any CPU
		{D8C9B8FD-822A-41B8-BE94-FE52DED4EAE9}.Debug|Any CPU.Deploy.0 = Debug|Any CPU
		{D8C9B8FD-822A-41B8-BE94-FE52DED4EAE9}.Debug|ARM.ActiveCfg = Debug|Any CPU
		{D8C9B8FD-822A-41B8-BE94-FE52DED4EAE9}.Debug|ARM.Build.0 = Debug|Any CPU
		{D8C9B8FD-822A-41B8-BE94-FE52DED4EAE9}.Debug|ARM.Deploy.0 = Debug|Any CPU
		{D8C9B8FD-822A-41B8-BE94-FE52DED4EAE9}.Debug|iPhone.ActiveCfg = Debug|Any CPU
		{D8C9B8FD-822A-41B8-BE94-FE52DED4EAE9}.Debug|iPhone.Build.0 = Debug|Any CPU
		{D8C9B8FD-822A-41B8-BE94-FE52DED4EAE9}.Debug|iPhone.Deploy.0 = Debug|Any CPU
		{D8C9B8FD-822A-41B8-BE94-FE52DED4EAE9}.Debug|iPhoneSimulator.ActiveCfg = Debug|Any CPU
		{D8C9B8FD-822A-41B8-BE94-FE52DED4EAE9}.Debug|iPhoneSimulator.Build.0 = Debug|Any CPU
		{D8C9B8FD-822A-41B8-BE94-FE52DED4EAE9}.Debug|iPhoneSimulator.Deploy.0 = Debug|Any CPU
		{D8C9B8FD-822A-41B8-BE94-FE52DED4EAE9}.Debug|x64.ActiveCfg = Debug|Any CPU
		{D8C9B8FD-822A-41B8-BE94-FE52DED4EAE9}.Debug|x64.Build.0 = Debug|Any CPU
		{D8C9B8FD-822A-41B8-BE94-FE52DED4EAE9}.Debug|x64.Deploy.0 = Debug|Any CPU
		{D8C9B8FD-822A-41B8-BE94-FE52DED4EAE9}.Debug|x86.ActiveCfg = Debug|Any CPU
		{D8C9B8FD-822A-41B8-BE94-FE52DED4EAE9}.Debug|x86.Build.0 = Debug|Any CPU
		{D8C9B8FD-822A-41B8-BE94-FE52DED4EAE9}.Debug|x86.Deploy.0 = Debug|Any CPU
		{D8C9B8FD-822A-41B8-BE94-FE52DED4EAE9}.Release|Any CPU.ActiveCfg = Release|Any CPU
		{D8C9B8FD-822A-41B8-BE94-FE52DED4EAE9}.Release|Any CPU.Build.0 = Release|Any CPU
		{D8C9B8FD-822A-41B8-BE94-FE52DED4EAE9}.Release|Any CPU.Deploy.0 = Release|Any CPU
		{D8C9B8FD-822A-41B8-BE94-FE52DED4EAE9}.Release|ARM.ActiveCfg = Release|Any CPU
		{D8C9B8FD-822A-41B8-BE94-FE52DED4EAE9}.Release|ARM.Build.0 = Release|Any CPU
		{D8C9B8FD-822A-41B8-BE94-FE52DED4EAE9}.Release|ARM.Deploy.0 = Release|Any CPU
		{D8C9B8FD-822A-41B8-BE94-FE52DED4EAE9}.Release|iPhone.ActiveCfg = Release|Any CPU
		{D8C9B8FD-822A-41B8-BE94-FE52DED4EAE9}.Release|iPhone.Build.0 = Release|Any CPU
		{D8C9B8FD-822A-41B8-BE94-FE52DED4EAE9}.Release|iPhone.Deploy.0 = Release|Any CPU
		{D8C9B8FD-822A-41B8-BE94-FE52DED4EAE9}.Release|iPhoneSimulator.ActiveCfg = Release|Any CPU
		{D8C9B8FD-822A-41B8-BE94-FE52DED4EAE9}.Release|iPhoneSimulator.Build.0 = Release|Any CPU
		{D8C9B8FD-822A-41B8-BE94-FE52DED4EAE9}.Release|iPhoneSimulator.Deploy.0 = Release|Any CPU
		{D8C9B8FD-822A-41B8-BE94-FE52DED4EAE9}.Release|x64.ActiveCfg = Release|Any CPU
		{D8C9B8FD-822A-41B8-BE94-FE52DED4EAE9}.Release|x64.Build.0 = Release|Any CPU
		{D8C9B8FD-822A-41B8-BE94-FE52DED4EAE9}.Release|x64.Deploy.0 = Release|Any CPU
		{D8C9B8FD-822A-41B8-BE94-FE52DED4EAE9}.Release|x86.ActiveCfg = Release|Any CPU
		{D8C9B8FD-822A-41B8-BE94-FE52DED4EAE9}.Release|x86.Build.0 = Release|Any CPU
		{D8C9B8FD-822A-41B8-BE94-FE52DED4EAE9}.Release|x86.Deploy.0 = Release|Any CPU
	EndGlobalSection
	GlobalSection(SolutionProperties) = preSolution
		HideSolutionNode = FALSE
	EndGlobalSection
	GlobalSection(ExtensibilityGlobals) = postSolution
		SolutionGuid = {473FB57F-98F2-475F-83F0-4162CAB970A1}
	EndGlobalSection
EndGlobal
